// !$*UTF8*$!
{
	archiveVersion = 1;
	classes = {
	};
	objectVersion = 46;
	objects = {

/* Begin PBXBuildFile section */
		CEC6DA7B1B86FA3300EA8B0D /* AppDelegate.swift in Sources */ = {isa = PBXBuildFile; fileRef = CEC6DA7A1B86FA3300EA8B0D /* AppDelegate.swift */; };
		CEC6DA7D1B86FA3300EA8B0D /* ViewController.swift in Sources */ = {isa = PBXBuildFile; fileRef = CEC6DA7C1B86FA3300EA8B0D /* ViewController.swift */; };
		CEC6DA801B86FA3300EA8B0D /* Main.storyboard in Resources */ = {isa = PBXBuildFile; fileRef = CEC6DA7E1B86FA3300EA8B0D /* Main.storyboard */; };
		CEC6DA821B86FA3300EA8B0D /* Images.xcassets in Resources */ = {isa = PBXBuildFile; fileRef = CEC6DA811B86FA3300EA8B0D /* Images.xcassets */; };
		CEC6DA851B86FA3300EA8B0D /* LaunchScreen.xib in Resources */ = {isa = PBXBuildFile; fileRef = CEC6DA831B86FA3300EA8B0D /* LaunchScreen.xib */; };
		CEC6DA911B86FA3300EA8B0D /* CalculatorTests.swift in Sources */ = {isa = PBXBuildFile; fileRef = CEC6DA901B86FA3300EA8B0D /* CalculatorTests.swift */; };
/* End PBXBuildFile section */

/* Begin PBXContainerItemProxy section */
		CEC6DA8B1B86FA3300EA8B0D /* PBXContainerItemProxy */ = {
			isa = PBXContainerItemProxy;
			containerPortal = CEC6DA6D1B86FA3300EA8B0D /* Project object */;
			proxyType = 1;
			remoteGlobalIDString = CEC6DA741B86FA3300EA8B0D;
			remoteInfo = Calculator;
		};
/* End PBXContainerItemProxy section */

/* Begin PBXFileReference section */
		CEC6DA751B86FA3300EA8B0D /* Calculator.app */ = {isa = PBXFileReference; explicitFileType = wrapper.application; includeInIndex = 0; path = Calculator.app; sourceTree = BUILT_PRODUCTS_DIR; };
		CEC6DA791B86FA3300EA8B0D /* Info.plist */ = {isa = PBXFileReference; lastKnownFileType = text.plist.xml; path = Info.plist; sourceTree = "<group>"; };
		CEC6DA7A1B86FA3300EA8B0D /* AppDelegate.swift */ = {isa = PBXFileReference; lastKnownFileType = sourcecode.swift; path = AppDelegate.swift; sourceTree = "<group>"; };
		CEC6DA7C1B86FA3300EA8B0D /* ViewController.swift */ = {isa = PBXFileReference; lastKnownFileType = sourcecode.swift; path = ViewController.swift; sourceTree = "<group>"; };
		CEC6DA7F1B86FA3300EA8B0D /* Base */ = {isa = PBXFileReference; lastKnownFileType = file.storyboard; name = Base; path = Base.lproj/Main.storyboard; sourceTree = "<group>"; };
		CEC6DA811B86FA3300EA8B0D /* Images.xcassets */ = {isa = PBXFileReference; lastKnownFileType = folder.assetcatalog; path = Images.xcassets; sourceTree = "<group>"; };
		CEC6DA841B86FA3300EA8B0D /* Base */ = {isa = PBXFileReference; lastKnownFileType = file.xib; name = Base; path = Base.lproj/LaunchScreen.xib; sourceTree = "<group>"; };
		CEC6DA8A1B86FA3300EA8B0D /* CalculatorTests.xctest */ = {isa = PBXFileReference; explicitFileType = wrapper.cfbundle; includeInIndex = 0; path = CalculatorTests.xctest; sourceTree = BUILT_PRODUCTS_DIR; };
		CEC6DA8F1B86FA3300EA8B0D /* Info.plist */ = {isa = PBXFileReference; lastKnownFileType = text.plist.xml; path = Info.plist; sourceTree = "<group>"; };
		CEC6DA901B86FA3300EA8B0D /* CalculatorTests.swift */ = {isa = PBXFileReference; lastKnownFileType = sourcecode.swift; path = CalculatorTests.swift; sourceTree = "<group>"; };
/* End PBXFileReference section */

/* Begin PBXFrameworksBuildPhase section */
		CEC6DA721B86FA3300EA8B0D /* Frameworks */ = {
			isa = PBXFrameworksBuildPhase;
			buildActionMask = 2147483647;
			files = (
			);
			runOnlyForDeploymentPostprocessing = 0;
		};
		CEC6DA871B86FA3300EA8B0D /* Frameworks */ = {
			isa = PBXFrameworksBuildPhase;
			buildActionMask = 2147483647;
			files = (
			);
			runOnlyForDeploymentPostprocessing = 0;
		};
/* End PBXFrameworksBuildPhase section */

/* Begin PBXGroup section */
		CEC6DA6C1B86FA3300EA8B0D = {
			isa = PBXGroup;
			children = (
				CEC6DA771B86FA3300EA8B0D /* Calculator */,
				CEC6DA8D1B86FA3300EA8B0D /* CalculatorTests */,
				CEC6DA761B86FA3300EA8B0D /* Products */,
			);
			sourceTree = "<group>";
		};
		CEC6DA761B86FA3300EA8B0D /* Products */ = {
			isa = PBXGroup;
			children = (
				CEC6DA751B86FA3300EA8B0D /* Calculator.app */,
				CEC6DA8A1B86FA3300EA8B0D /* CalculatorTests.xctest */,
			);
			name = Products;
			sourceTree = "<group>";
		};
		CEC6DA771B86FA3300EA8B0D /* Calculator */ = {
			isa = PBXGroup;
			children = (
				CEC6DA7A1B86FA3300EA8B0D /* AppDelegate.swift */,
				CEC6DA7C1B86FA3300EA8B0D /* ViewController.swift */,
				CEC6DA7E1B86FA3300EA8B0D /* Main.storyboard */,
				CEC6DA811B86FA3300EA8B0D /* Images.xcassets */,
				CEC6DA831B86FA3300EA8B0D /* LaunchScreen.xib */,
				CEC6DA781B86FA3300EA8B0D /* Supporting Files */,
			);
			path = Calculator;
			sourceTree = "<group>";
		};
		CEC6DA781B86FA3300EA8B0D /* Supporting Files */ = {
			isa = PBXGroup;
			children = (
				CEC6DA791B86FA3300EA8B0D /* Info.plist */,
			);
			name = "Supporting Files";
			sourceTree = "<group>";
		};
		CEC6DA8D1B86FA3300EA8B0D /* CalculatorTests */ = {
			isa = PBXGroup;
			children = (
				CEC6DA901B86FA3300EA8B0D /* CalculatorTests.swift */,
				CEC6DA8E1B86FA3300EA8B0D /* Supporting Files */,
			);
			path = CalculatorTests;
			sourceTree = "<group>";
		};
		CEC6DA8E1B86FA3300EA8B0D /* Supporting Files */ = {
			isa = PBXGroup;
			children = (
				CEC6DA8F1B86FA3300EA8B0D /* Info.plist */,
			);
			name = "Supporting Files";
			sourceTree = "<group>";
		};
/* End PBXGroup section */

/* Begin PBXNativeTarget section */
		CEC6DA741B86FA3300EA8B0D /* Calculator */ = {
			isa = PBXNativeTarget;
			buildConfigurationList = CEC6DA941B86FA3300EA8B0D /* Build configuration list for PBXNativeTarget "Calculator" */;
			buildPhases = (
				CEC6DA711B86FA3300EA8B0D /* Sources */,
				CEC6DA721B86FA3300EA8B0D /* Frameworks */,
				CEC6DA731B86FA3300EA8B0D /* Resources */,
			);
			buildRules = (
			);
			dependencies = (
			);
			name = Calculator;
			productName = Calculator;
			productReference = CEC6DA751B86FA3300EA8B0D /* Calculator.app */;
			productType = "com.apple.product-type.application";
		};
		CEC6DA891B86FA3300EA8B0D /* CalculatorTests */ = {
			isa = PBXNativeTarget;
			buildConfigurationList = CEC6DA971B86FA3300EA8B0D /* Build configuration list for PBXNativeTarget "CalculatorTests" */;
			buildPhases = (
				CEC6DA861B86FA3300EA8B0D /* Sources */,
				CEC6DA871B86FA3300EA8B0D /* Frameworks */,
				CEC6DA881B86FA3300EA8B0D /* Resources */,
			);
			buildRules = (
			);
			dependencies = (
				CEC6DA8C1B86FA3300EA8B0D /* PBXTargetDependency */,
			);
			name = CalculatorTests;
			productName = CalculatorTests;
			productReference = CEC6DA8A1B86FA3300EA8B0D /* CalculatorTests.xctest */;
			productType = "com.apple.product-type.bundle.unit-test";
		};
/* End PBXNativeTarget section */

/* Begin PBXProject section */
		CEC6DA6D1B86FA3300EA8B0D /* Project object */ = {
			isa = PBXProject;
			attributes = {
				LastUpgradeCheck = 0640;
				ORGANIZATIONNAME = "Stanford University";
				TargetAttributes = {
					CEC6DA741B86FA3300EA8B0D = {
						CreatedOnToolsVersion = 6.4;
					};
					CEC6DA891B86FA3300EA8B0D = {
						CreatedOnToolsVersion = 6.4;
						TestTargetID = CEC6DA741B86FA3300EA8B0D;
					};
				};
			};
			buildConfigurationList = CEC6DA701B86FA3300EA8B0D /* Build configuration list for PBXProject "Calculator" */;
			compatibilityVersion = "Xcode 3.2";
			developmentRegion = English;
			hasScannedForEncodings = 0;
			knownRegions = (
				en,
				Base,
			);
			mainGroup = CEC6DA6C1B86FA3300EA8B0D;
			productRefGroup = CEC6DA761B86FA3300EA8B0D /* Products */;
			projectDirPath = "";
			projectRoot = "";
			targets = (
				CEC6DA741B86FA3300EA8B0D /* Calculator */,
				CEC6DA891B86FA3300EA8B0D /* CalculatorTests */,
			);
		};
/* End PBXProject section */

/* Begin PBXResourcesBuildPhase section */
		CEC6DA731B86FA3300EA8B0D /* Resources */ = {
			isa = PBXResourcesBuildPhase;
			buildActionMask = 2147483647;
			files = (
				CEC6DA801B86FA3300EA8B0D /* Main.storyboard in Resources */,
				CEC6DA851B86FA3300EA8B0D /* LaunchScreen.xib in Resources */,
				CEC6DA821B86FA3300EA8B0D /* Images.xcassets in Resources */,
			);
			runOnlyForDeploymentPostprocessing = 0;
		};
		CEC6DA881B86FA3300EA8B0D /* Resources */ = {
			isa = PBXResourcesBuildPhase;
			buildActionMask = 2147483647;
			files = (
			);
			runOnlyForDeploymentPostprocessing = 0;
		};
/* End PBXResourcesBuildPhase section */

/* Begin PBXSourcesBuildPhase section */
		CEC6DA711B86FA3300EA8B0D /* Sources */ = {
			isa = PBXSourcesBuildPhase;
			buildActionMask = 2147483647;
			files = (
				CEC6DA7D1B86FA3300EA8B0D /* ViewController.swift in Sources */,
				CEC6DA7B1B86FA3300EA8B0D /* AppDelegate.swift in Sources */,
			);
			runOnlyForDeploymentPostprocessing = 0;
		};
		CEC6DA861B86FA3300EA8B0D /* Sources */ = {
			isa = PBXSourcesBuildPhase;
			buildActionMask = 2147483647;
			files = (
				CEC6DA911B86FA3300EA8B0D /* CalculatorTests.swift in Sources */,
			);
			runOnlyForDeploymentPostprocessing = 0;
		};
/* End PBXSourcesBuildPhase section */

/* Begin PBXTargetDependency section */
		CEC6DA8C1B86FA3300EA8B0D /* PBXTargetDependency */ = {
			isa = PBXTargetDependency;
			target = CEC6DA741B86FA3300EA8B0D /* Calculator */;
			targetProxy = CEC6DA8B1B86FA3300EA8B0D /* PBXContainerItemProxy */;
		};
/* End PBXTargetDependency section */

/* Begin PBXVariantGroup section */
		CEC6DA7E1B86FA3300EA8B0D /* Main.storyboard */ = {
			isa = PBXVariantGroup;
			children = (
				CEC6DA7F1B86FA3300EA8B0D /* Base */,
			);
			name = Main.storyboard;
			sourceTree = "<group>";
		};
		CEC6DA831B86FA3300EA8B0D /* LaunchScreen.xib */ = {
			isa = PBXVariantGroup;
			children = (
				CEC6DA841B86FA3300EA8B0D /* Base */,
			);
			name = LaunchScreen.xib;
			sourceTree = "<group>";
		};
/* End PBXVariantGroup section */

/* Begin XCBuildConfiguration section */
		CEC6DA921B86FA3300EA8B0D /* Debug */ = {
			isa = XCBuildConfiguration;
			buildSettings = {
				ALWAYS_SEARCH_USER_PATHS = NO;
				CLANG_CXX_LANGUAGE_STANDARD = "gnu++0x";
				CLANG_CXX_LIBRARY = "libc++";
				CLANG_ENABLE_MODULES = YES;
				CLANG_ENABLE_OBJC_ARC = YES;
				CLANG_WARN_BOOL_CONVERSION = YES;
				CLANG_WARN_CONSTANT_CONVERSION = YES;
				CLANG_WARN_DIRECT_OBJC_ISA_USAGE = YES_ERROR;
				CLANG_WARN_EMPTY_BODY = YES;
				CLANG_WARN_ENUM_CONVERSION = YES;
				CLANG_WARN_INT_CONVERSION = YES;
				CLANG_WARN_OBJC_ROOT_CLASS = YES_ERROR;
				CLANG_WARN_UNREACHABLE_CODE = YES;
				CLANG_WARN__DUPLICATE_METHOD_MATCH = YES;
				"CODE_SIGN_IDENTITY[sdk=iphoneos*]" = "iPhone Developer";
				COPY_PHASE_STRIP = NO;
				DEBUG_INFORMATION_FORMAT = "dwarf-with-dsym";
				ENABLE_STRICT_OBJC_MSGSEND = YES;
				GCC_C_LANGUAGE_STANDARD = gnu99;
				GCC_DYNAMIC_NO_PIC = NO;
				GCC_NO_COMMON_BLOCKS = YES;
				GCC_OPTIMIZATION_LEVEL = 0;
				GCC_PREPROCESSOR_DEFINITIONS = (
					"DEBUG=1",
					"$(inherited)",
				);
				GCC_SYMBOLS_PRIVATE_EXTERN = NO;
				GCC_WARN_64_TO_32_BIT_CONVERSION = YES;
				GCC_WARN_ABOUT_RETURN_TYPE = YES_ERROR;
				GCC_WARN_UNDECLARED_SELECTOR = YES;
				GCC_WARN_UNINITIALIZED_AUTOS = YES_AGGRESSIVE;
				GCC_WARN_UNUSED_FUNCTION = YES;
				GCC_WARN_UNUSED_VARIABLE = YES;
				IPHONEOS_DEPLOYMENT_TARGET = 8.4;
				MTL_ENABLE_DEBUG_INFO = YES;
				ONLY_ACTIVE_ARCH = YES;
				SDKROOT = iphoneos;
				SWIFT_OPTIMIZATION_LEVEL = "-Onone";
				TARGETED_DEVICE_FAMILY = "1,2";
			};
			name = Debug;
		};
		CEC6DA931B86FA3300EA8B0D /* Release */ = {
			isa = XCBuildConfiguration;
			buildSettings = {
				ALWAYS_SEARCH_USER_PATHS = NO;
				CLANG_CXX_LANGUAGE_STANDARD = "gnu++0x";
				CLANG_CXX_LIBRARY = "libc++";
				CLANG_ENABLE_MODULES = YES;
				CLANG_ENABLE_OBJC_ARC = YES;
				CLANG_WARN_BOOL_CONVERSION = YES;
				CLANG_WARN_CONSTANT_CONVERSION = YES;
				CLANG_WARN_DIRECT_OBJC_ISA_USAGE = YES_ERROR;
				CLANG_WARN_EMPTY_BODY = YES;
				CLANG_WARN_ENUM_CONVERSION = YES;
				CLANG_WARN_INT_CONVERSION = YES;
				CLANG_WARN_OBJC_ROOT_CLASS = YES_ERROR;
				CLANG_WARN_UNREACHABLE_CODE = YES;
				CLANG_WARN__DUPLICATE_METHOD_MATCH = YES;
				"CODE_SIGN_IDENTITY[sdk=iphoneos*]" = "iPhone Developer";
				COPY_PHASE_STRIP = NO;
				DEBUG_INFORMATION_FORMAT = "dwarf-with-dsym";
				ENABLE_NS_ASSERTIONS = NO;
				ENABLE_STRICT_OBJC_MSGSEND = YES;
				GCC_C_LANGUAGE_STANDARD = gnu99;
				GCC_NO_COMMON_BLOCKS = YES;
				GCC_WARN_64_TO_32_BIT_CONVERSION = YES;
				GCC_WARN_ABOUT_RETURN_TYPE = YES_ERROR;
				GCC_WARN_UNDECLARED_SELECTOR = YES;
				GCC_WARN_UNINITIALIZED_AUTOS = YES_AGGRESSIVE;
				GCC_WARN_UNUSED_FUNCTION = YES;
				GCC_WARN_UNUSED_VARIABLE = YES;
				IPHONEOS_DEPLOYMENT_TARGET = 8.4;
				MTL_ENABLE_DEBUG_INFO = NO;
				SDKROOT = iphoneos;
				TARGETED_DEVICE_FAMILY = "1,2";
				VALIDATE_PRODUCT = YES;
			};
			name = Release;
		};
		CEC6DA951B86FA3300EA8B0D /* Debug */ = {
			isa = XCBuildConfiguration;
			buildSettings = {
				ASSETCATALOG_COMPILER_APPICON_NAME = AppIcon;
				INFOPLIST_FILE = Calculator/Info.plist;
				LD_RUNPATH_SEARCH_PATHS = "$(inherited) @executable_path/Frameworks";
				PRODUCT_NAME = "$(TARGET_NAME)";
			};
			name = Debug;
		};
		CEC6DA961B86FA3300EA8B0D /* Release */ = {
			isa = XCBuildConfiguration;
			buildSettings = {
				ASSETCATALOG_COMPILER_APPICON_NAME = AppIcon;
				INFOPLIST_FILE = Calculator/Info.plist;
				LD_RUNPATH_SEARCH_PATHS = "$(inherited) @executable_path/Frameworks";
				PRODUCT_NAME = "$(TARGET_NAME)";
			};
			name = Release;
		};
		CEC6DA981B86FA3300EA8B0D /* Debug */ = {
			isa = XCBuildConfiguration;
			buildSettings = {
				BUNDLE_LOADER = "$(TEST_HOST)";
				FRAMEWORK_SEARCH_PATHS = (
					"$(SDKROOT)/Developer/Library/Frameworks",
					"$(inherited)",
				);
				GCC_PREPROCESSOR_DEFINITIONS = (
					"DEBUG=1",
					"$(inherited)",
				);
				INFOPLIST_FILE = CalculatorTests/Info.plist;
				LD_RUNPATH_SEARCH_PATHS = "$(inherited) @executable_path/Frameworks @loader_path/Frameworks";
				PRODUCT_NAME = "$(TARGET_NAME)";
				TEST_HOST = "$(BUILT_PRODUCTS_DIR)/Calculator.app/Calculator";
			};
			name = Debug;
		};
		CEC6DA991B86FA3300EA8B0D /* Release */ = {
			isa = XCBuildConfiguration;
			buildSettings = {
				BUNDLE_LOADER = "$(TEST_HOST)";
				FRAMEWORK_SEARCH_PATHS = (
					"$(SDKROOT)/Developer/Library/Frameworks",
					"$(inherited)",
				);
				INFOPLIST_FILE = CalculatorTests/Info.plist;
				LD_RUNPATH_SEARCH_PATHS = "$(inherited) @executable_path/Frameworks @loader_path/Frameworks";
				PRODUCT_NAME = "$(TARGET_NAME)";
				TEST_HOST = "$(BUILT_PRODUCTS_DIR)/Calculator.app/Calculator";
			};
			name = Release;
		};
/* End XCBuildConfiguration section */

/* Begin XCConfigurationList section */
		CEC6DA701B86FA3300EA8B0D /* Build configuration list for PBXProject "Calculator" */ = {
			isa = XCConfigurationList;
			buildConfigurations = (
				CEC6DA921B86FA3300EA8B0D /* Debug */,
				CEC6DA931B86FA3300EA8B0D /* Release */,
			);
			defaultConfigurationIsVisible = 0;
			defaultConfigurationName = Release;
		};
		CEC6DA941B86FA3300EA8B0D /* Build configuration list for PBXNativeTarget "Calculator" */ = {
			isa = XCConfigurationList;
			buildConfigurations = (
				CEC6DA951B86FA3300EA8B0D /* Debug */,
				CEC6DA961B86FA3300EA8B0D /* Release */,
			);
			defaultConfigurationIsVisible = 0;
		};
		CEC6DA971B86FA3300EA8B0D /* Build configuration list for PBXNativeTarget "CalculatorTests" */ = {
			isa = XCConfigurationList;
			buildConfigurations = (
				CEC6DA981B86FA3300EA8B0D /* Debug */,
				CEC6DA991B86FA3300EA8B0D /* Release */,
			);
			defaultConfigurationIsVisible = 0;
		};
/* End XCConfigurationList section */
	};
	rootObject = CEC6DA6D1B86FA3300EA8B0D /* Project object */;
}
